
Microsoft Visual Studio Solution File, Format Version 12.00
# Visual Studio Version 16
VisualStudioVersion = 16.0.31702.278
MinimumVisualStudioVersion = 10.0.40219.1
Project("{FAE04EC0-301F-11D3-BF4B-00C04F79EFBC}") = "CalculadoraDinamica", "CalculadoraDinamica\CalculadoraDinamica.csproj", "{1690F3AB-1AE5-41B4-ADF0-A3870B5CD69F}"
EndProject
Global
	GlobalSection(SolutionConfigurationPlatforms) = preSolution
		Debug|Any CPU = Debug|Any CPU
		Release|Any CPU = Release|Any CPU
	EndGlobalSection
	GlobalSection(ProjectConfigurationPlatforms) = postSolution
		{1690F3AB-1AE5-41B4-ADF0-A3870B5CD69F}.Debug|Any CPU.ActiveCfg = Debug|Any CPU
		{1690F3AB-1AE5-41B4-ADF0-A3870B5CD69F}.Debug|Any CPU.Build.0 = Debug|Any CPU
		{1690F3AB-1AE5-41B4-ADF0-A3870B5CD69F}.Release|Any CPU.ActiveCfg = Release|Any CPU
		{1690F3AB-1AE5-41B4-ADF0-A3870B5CD69F}.Release|Any CPU.Build.0 = Release|Any CPU
	EndGlobalSection
	GlobalSection(SolutionProperties) = preSolution
		HideSolutionNode = FALSE
	EndGlobalSection
	GlobalSection(ExtensibilityGlobals) = postSolution
		SolutionGuid = {0B6387C5-EB55-44B9-8D65-5A7C57995F90}
	EndGlobalSection
EndGlobal
